
Microsoft Visual Studio Solution File, Format Version 12.00
# Visual Studio 2012
Project("{FAE04EC0-301F-11D3-BF4B-00C04F79EFBC}") = "DrumScore", "DrumScore\DrumScore.csproj", "{C655343B-1511-404E-A335-314D50E0ACCD}"
EndProject
Project("{FAE04EC0-301F-11D3-BF4B-00C04F79EFBC}") = "DrumScore.Tests", "DrumScore.Tests\DrumScore.Tests.csproj", "{E81743AD-A000-4BA2-95F4-B98A9F60D0A9}"
EndProject
Project("{2150E333-8FDC-42A3-9474-1A3956D46DE8}") = ".nuget", ".nuget", "{B3856953-138D-42B7-9942-C854BD2C671B}"
	ProjectSection(SolutionItems) = preProject
		.nuget\NuGet.Config = .nuget\NuGet.Config
		.nuget\NuGet.exe = .nuget\NuGet.exe
		.nuget\NuGet.targets = .nuget\NuGet.targets
	EndProjectSection
EndProject
Project("{FAE04EC0-301F-11D3-BF4B-00C04F79EFBC}") = "DrumScore.UI", "DrumScore.UI\DrumScore.UI.csproj", "{36E1FF01-D003-4AFB-BF68-BBD76B6A4EEE}"
EndProject
Project("{FAE04EC0-301F-11D3-BF4B-00C04F79EFBC}") = "DrumScore.DummyReceiver", "DrumScore.DummyReceiver\DrumScore.DummyReceiver.csproj", "{63A6ED79-603C-47DD-9354-3DD3AB78B416}"
EndProject
Project("{FAE04EC0-301F-11D3-BF4B-00C04F79EFBC}") = "DrumScore.DummySender", "DrumScore.DummySender\DrumScore.DummySender.csproj", "{5820E279-5573-465E-A054-03585585C13E}"
EndProject
Global
	GlobalSection(SolutionConfigurationPlatforms) = preSolution
		Debug|Any CPU = Debug|Any CPU
		Release|Any CPU = Release|Any CPU
	EndGlobalSection
	GlobalSection(ProjectConfigurationPlatforms) = postSolution
		{C655343B-1511-404E-A335-314D50E0ACCD}.Debug|Any CPU.ActiveCfg = Debug|Any CPU
		{C655343B-1511-404E-A335-314D50E0ACCD}.Debug|Any CPU.Build.0 = Debug|Any CPU
		{C655343B-1511-404E-A335-314D50E0ACCD}.Release|Any CPU.ActiveCfg = Release|Any CPU
		{C655343B-1511-404E-A335-314D50E0ACCD}.Release|Any CPU.Build.0 = Release|Any CPU
		{E81743AD-A000-4BA2-95F4-B98A9F60D0A9}.Debug|Any CPU.ActiveCfg = Debug|Any CPU
		{E81743AD-A000-4BA2-95F4-B98A9F60D0A9}.Debug|Any CPU.Build.0 = Debug|Any CPU
		{E81743AD-A000-4BA2-95F4-B98A9F60D0A9}.Release|Any CPU.ActiveCfg = Release|Any CPU
		{E81743AD-A000-4BA2-95F4-B98A9F60D0A9}.Release|Any CPU.Build.0 = Release|Any CPU
		{36E1FF01-D003-4AFB-BF68-BBD76B6A4EEE}.Debug|Any CPU.ActiveCfg = Debug|Any CPU
		{36E1FF01-D003-4AFB-BF68-BBD76B6A4EEE}.Debug|Any CPU.Build.0 = Debug|Any CPU
		{36E1FF01-D003-4AFB-BF68-BBD76B6A4EEE}.Release|Any CPU.ActiveCfg = Release|Any CPU
		{36E1FF01-D003-4AFB-BF68-BBD76B6A4EEE}.Release|Any CPU.Build.0 = Release|Any CPU
		{63A6ED79-603C-47DD-9354-3DD3AB78B416}.Debug|Any CPU.ActiveCfg = Debug|Any CPU
		{63A6ED79-603C-47DD-9354-3DD3AB78B416}.Debug|Any CPU.Build.0 = Debug|Any CPU
		{63A6ED79-603C-47DD-9354-3DD3AB78B416}.Release|Any CPU.ActiveCfg = Release|Any CPU
		{63A6ED79-603C-47DD-9354-3DD3AB78B416}.Release|Any CPU.Build.0 = Release|Any CPU
		{5820E279-5573-465E-A054-03585585C13E}.Debug|Any CPU.ActiveCfg = Debug|Any CPU
		{5820E279-5573-465E-A054-03585585C13E}.Debug|Any CPU.Build.0 = Debug|Any CPU
		{5820E279-5573-465E-A054-03585585C13E}.Release|Any CPU.ActiveCfg = Release|Any CPU
		{5820E279-5573-465E-A054-03585585C13E}.Release|Any CPU.Build.0 = Release|Any CPU
	EndGlobalSection
	GlobalSection(SolutionProperties) = preSolution
		HideSolutionNode = FALSE
	EndGlobalSection
EndGlobal
